// !$*UTF8*$!
{
	archiveVersion = 1;
	classes = {
	};
	objectVersion = 46;
	objects = {

/* Begin PBXBuildFile section */
		A99F58731A8080180018A37D /* AppDelegate.swift in Sources */ = {isa = PBXBuildFile; fileRef = A99F58721A8080180018A37D /* AppDelegate.swift */; };
		A99F58751A8080180018A37D /* ViewController.swift in Sources */ = {isa = PBXBuildFile; fileRef = A99F58741A8080180018A37D /* ViewController.swift */; };
		A99F58781A8080180018A37D /* Main.storyboard in Resources */ = {isa = PBXBuildFile; fileRef = A99F58761A8080180018A37D /* Main.storyboard */; };
		A99F587A1A8080180018A37D /* Images.xcassets in Resources */ = {isa = PBXBuildFile; fileRef = A99F58791A8080180018A37D /* Images.xcassets */; };
		A99F587D1A8080180018A37D /* LaunchScreen.xib in Resources */ = {isa = PBXBuildFile; fileRef = A99F587B1A8080180018A37D /* LaunchScreen.xib */; };
		A99F58891A8080180018A37D /* CalculatorTests.swift in Sources */ = {isa = PBXBuildFile; fileRef = A99F58881A8080180018A37D /* CalculatorTests.swift */; };
/* End PBXBuildFile section */

/* Begin PBXContainerItemProxy section */
		A99F58831A8080180018A37D /* PBXContainerItemProxy */ = {
			isa = PBXContainerItemProxy;
			containerPortal = A99F58651A8080180018A37D /* Project object */;
			proxyType = 1;
			remoteGlobalIDString = A99F586C1A8080180018A37D;
			remoteInfo = Calculator;
		};
/* End PBXContainerItemProxy section */

/* Begin PBXFileReference section */
		A99F586D1A8080180018A37D /* Calculator.app */ = {isa = PBXFileReference; explicitFileType = wrapper.application; includeInIndex = 0; path = Calculator.app; sourceTree = BUILT_PRODUCTS_DIR; };
		A99F58711A8080180018A37D /* Info.plist */ = {isa = PBXFileReference; lastKnownFileType = text.plist.xml; path = Info.plist; sourceTree = "<group>"; };
		A99F58721A8080180018A37D /* AppDelegate.swift */ = {isa = PBXFileReference; lastKnownFileType = sourcecode.swift; path = AppDelegate.swift; sourceTree = "<group>"; };
		A99F58741A8080180018A37D /* ViewController.swift */ = {isa = PBXFileReference; lastKnownFileType = sourcecode.swift; path = ViewController.swift; sourceTree = "<group>"; };
		A99F58771A8080180018A37D /* Base */ = {isa = PBXFileReference; lastKnownFileType = file.storyboard; name = Base; path = Base.lproj/Main.storyboard; sourceTree = "<group>"; };
		A99F58791A8080180018A37D /* Images.xcassets */ = {isa = PBXFileReference; lastKnownFileType = folder.assetcatalog; path = Images.xcassets; sourceTree = "<group>"; };
		A99F587C1A8080180018A37D /* Base */ = {isa = PBXFileReference; lastKnownFileType = file.xib; name = Base; path = Base.lproj/LaunchScreen.xib; sourceTree = "<group>"; };
		A99F58821A8080180018A37D /* CalculatorTests.xctest */ = {isa = PBXFileReference; explicitFileType = wrapper.cfbundle; includeInIndex = 0; path = CalculatorTests.xctest; sourceTree = BUILT_PRODUCTS_DIR; };
		A99F58871A8080180018A37D /* Info.plist */ = {isa = PBXFileReference; lastKnownFileType = text.plist.xml; path = Info.plist; sourceTree = "<group>"; };
		A99F58881A8080180018A37D /* CalculatorTests.swift */ = {isa = PBXFileReference; lastKnownFileType = sourcecode.swift; path = CalculatorTests.swift; sourceTree = "<group>"; };
/* End PBXFileReference section */

/* Begin PBXFrameworksBuildPhase section */
		A99F586A1A8080180018A37D /* Frameworks */ = {
			isa = PBXFrameworksBuildPhase;
			buildActionMask = 2147483647;
			files = (
			);
			runOnlyForDeploymentPostprocessing = 0;
		};
		A99F587F1A8080180018A37D /* Frameworks */ = {
			isa = PBXFrameworksBuildPhase;
			buildActionMask = 2147483647;
			files = (
			);
			runOnlyForDeploymentPostprocessing = 0;
		};
/* End PBXFrameworksBuildPhase section */

/* Begin PBXGroup section */
		A99F58641A8080180018A37D = {
			isa = PBXGroup;
			children = (
				A99F586F1A8080180018A37D /* Calculator */,
				A99F58851A8080180018A37D /* CalculatorTests */,
				A99F586E1A8080180018A37D /* Products */,
			);
			sourceTree = "<group>";
		};
		A99F586E1A8080180018A37D /* Products */ = {
			isa = PBXGroup;
			children = (
				A99F586D1A8080180018A37D /* Calculator.app */,
				A99F58821A8080180018A37D /* CalculatorTests.xctest */,
			);
			name = Products;
			sourceTree = "<group>";
		};
		A99F586F1A8080180018A37D /* Calculator */ = {
			isa = PBXGroup;
			children = (
				A99F58721A8080180018A37D /* AppDelegate.swift */,
				A99F58741A8080180018A37D /* ViewController.swift */,
				A99F58761A8080180018A37D /* Main.storyboard */,
				A99F58791A8080180018A37D /* Images.xcassets */,
				A99F587B1A8080180018A37D /* LaunchScreen.xib */,
				A99F58701A8080180018A37D /* Supporting Files */,
			);
			path = Calculator;
			sourceTree = "<group>";
		};
		A99F58701A8080180018A37D /* Supporting Files */ = {
			isa = PBXGroup;
			children = (
				A99F58711A8080180018A37D /* Info.plist */,
			);
			name = "Supporting Files";
			sourceTree = "<group>";
		};
		A99F58851A8080180018A37D /* CalculatorTests */ = {
			isa = PBXGroup;
			children = (
				A99F58881A8080180018A37D /* CalculatorTests.swift */,
				A99F58861A8080180018A37D /* Supporting Files */,
			);
			path = CalculatorTests;
			sourceTree = "<group>";
		};
		A99F58861A8080180018A37D /* Supporting Files */ = {
			isa = PBXGroup;
			children = (
				A99F58871A8080180018A37D /* Info.plist */,
			);
			name = "Supporting Files";
			sourceTree = "<group>";
		};
/* End PBXGroup section */

/* Begin PBXNativeTarget section */
		A99F586C1A8080180018A37D /* Calculator */ = {
			isa = PBXNativeTarget;
			buildConfigurationList = A99F588C1A8080180018A37D /* Build configuration list for PBXNativeTarget "Calculator" */;
			buildPhases = (
				A99F58691A8080180018A37D /* Sources */,
				A99F586A1A8080180018A37D /* Frameworks */,
				A99F586B1A8080180018A37D /* Resources */,
			);
			buildRules = (
			);
			dependencies = (
			);
			name = Calculator;
			productName = Calculator;
			productReference = A99F586D1A8080180018A37D /* Calculator.app */;
			productType = "com.apple.product-type.application";
		};
		A99F58811A8080180018A37D /* CalculatorTests */ = {
			isa = PBXNativeTarget;
			buildConfigurationList = A99F588F1A8080180018A37D /* Build configuration list for PBXNativeTarget "CalculatorTests" */;
			buildPhases = (
				A99F587E1A8080180018A37D /* Sources */,
				A99F587F1A8080180018A37D /* Frameworks */,
				A99F58801A8080180018A37D /* Resources */,
			);
			buildRules = (
			);
			dependencies = (
				A99F58841A8080180018A37D /* PBXTargetDependency */,
			);
			name = CalculatorTests;
			productName = CalculatorTests;
			productReference = A99F58821A8080180018A37D /* CalculatorTests.xctest */;
			productType = "com.apple.product-type.bundle.unit-test";
		};
/* End PBXNativeTarget section */

/* Begin PBXProject section */
		A99F58651A8080180018A37D /* Project object */ = {
			isa = PBXProject;
			attributes = {
				LastUpgradeCheck = 0610;
				ORGANIZATIONNAME = "Simon Hogg";
				TargetAttributes = {
					A99F586C1A8080180018A37D = {
						CreatedOnToolsVersion = 6.1.1;
					};
					A99F58811A8080180018A37D = {
						CreatedOnToolsVersion = 6.1.1;
						TestTargetID = A99F586C1A8080180018A37D;
					};
				};
			};
			buildConfigurationList = A99F58681A8080180018A37D /* Build configuration list for PBXProject "Calculator" */;
			compatibilityVersion = "Xcode 3.2";
			developmentRegion = English;
			hasScannedForEncodings = 0;
			knownRegions = (
				en,
				Base,
			);
			mainGroup = A99F58641A8080180018A37D;
			productRefGroup = A99F586E1A8080180018A37D /* Products */;
			projectDirPath = "";
			projectRoot = "";
			targets = (
				A99F586C1A8080180018A37D /* Calculator */,
				A99F58811A8080180018A37D /* CalculatorTests */,
			);
		};
/* End PBXProject section */

/* Begin PBXResourcesBuildPhase section */
		A99F586B1A8080180018A37D /* Resources */ = {
			isa = PBXResourcesBuildPhase;
			buildActionMask = 2147483647;
			files = (
				A99F58781A8080180018A37D /* Main.storyboard in Resources */,
				A99F587D1A8080180018A37D /* LaunchScreen.xib in Resources */,
				A99F587A1A8080180018A37D /* Images.xcassets in Resources */,
			);
			runOnlyForDeploymentPostprocessing = 0;
		};
		A99F58801A8080180018A37D /* Resources */ = {
			isa = PBXResourcesBuildPhase;
			buildActionMask = 2147483647;
			files = (
			);
			runOnlyForDeploymentPostprocessing = 0;
		};
/* End PBXResourcesBuildPhase section */

/* Begin PBXSourcesBuildPhase section */
		A99F58691A8080180018A37D /* Sources */ = {
			isa = PBXSourcesBuildPhase;
			buildActionMask = 2147483647;
			files = (
				A99F58751A8080180018A37D /* ViewController.swift in Sources */,
				A99F58731A8080180018A37D /* AppDelegate.swift in Sources */,
			);
			runOnlyForDeploymentPostprocessing = 0;
		};
		A99F587E1A8080180018A37D /* Sources */ = {
			isa = PBXSourcesBuildPhase;
			buildActionMask = 2147483647;
			files = (
				A99F58891A8080180018A37D /* CalculatorTests.swift in Sources */,
			);
			runOnlyForDeploymentPostprocessing = 0;
		};
/* End PBXSourcesBuildPhase section */

/* Begin PBXTargetDependency section */
		A99F58841A8080180018A37D /* PBXTargetDependency */ = {
			isa = PBXTargetDependency;
			target = A99F586C1A8080180018A37D /* Calculator */;
			targetProxy = A99F58831A8080180018A37D /* PBXContainerItemProxy */;
		};
/* End PBXTargetDependency section */

/* Begin PBXVariantGroup section */
		A99F58761A8080180018A37D /* Main.storyboard */ = {
			isa = PBXVariantGroup;
			children = (
				A99F58771A8080180018A37D /* Base */,
			);
			name = Main.storyboard;
			sourceTree = "<group>";
		};
		A99F587B1A8080180018A37D /* LaunchScreen.xib */ = {
			isa = PBXVariantGroup;
			children = (
				A99F587C1A8080180018A37D /* Base */,
			);
			name = LaunchScreen.xib;
			sourceTree = "<group>";
		};
/* End PBXVariantGroup section */

/* Begin XCBuildConfiguration section */
		A99F588A1A8080180018A37D /* Debug */ = {
			isa = XCBuildConfiguration;
			buildSettings = {
				ALWAYS_SEARCH_USER_PATHS = NO;
				CLANG_CXX_LANGUAGE_STANDARD = "gnu++0x";
				CLANG_CXX_LIBRARY = "libc++";
				CLANG_ENABLE_MODULES = YES;
				CLANG_ENABLE_OBJC_ARC = YES;
				CLANG_WARN_BOOL_CONVERSION = YES;
				CLANG_WARN_CONSTANT_CONVERSION = YES;
				CLANG_WARN_DIRECT_OBJC_ISA_USAGE = YES_ERROR;
				CLANG_WARN_EMPTY_BODY = YES;
				CLANG_WARN_ENUM_CONVERSION = YES;
				CLANG_WARN_INT_CONVERSION = YES;
				CLANG_WARN_OBJC_ROOT_CLASS = YES_ERROR;
				CLANG_WARN_UNREACHABLE_CODE = YES;
				CLANG_WARN__DUPLICATE_METHOD_MATCH = YES;
				"CODE_SIGN_IDENTITY[sdk=iphoneos*]" = "iPhone Developer";
				COPY_PHASE_STRIP = NO;
				ENABLE_STRICT_OBJC_MSGSEND = YES;
				GCC_C_LANGUAGE_STANDARD = gnu99;
				GCC_DYNAMIC_NO_PIC = NO;
				GCC_OPTIMIZATION_LEVEL = 0;
				GCC_PREPROCESSOR_DEFINITIONS = (
					"DEBUG=1",
					"$(inherited)",
				);
				GCC_SYMBOLS_PRIVATE_EXTERN = NO;
				GCC_WARN_64_TO_32_BIT_CONVERSION = YES;
				GCC_WARN_ABOUT_RETURN_TYPE = YES_ERROR;
				GCC_WARN_UNDECLARED_SELECTOR = YES;
				GCC_WARN_UNINITIALIZED_AUTOS = YES_AGGRESSIVE;
				GCC_WARN_UNUSED_FUNCTION = YES;
				GCC_WARN_UNUSED_VARIABLE = YES;
				IPHONEOS_DEPLOYMENT_TARGET = 8.1;
				MTL_ENABLE_DEBUG_INFO = YES;
				ONLY_ACTIVE_ARCH = YES;
				SDKROOT = iphoneos;
				SWIFT_OPTIMIZATION_LEVEL = "-Onone";
				TARGETED_DEVICE_FAMILY = "1,2";
			};
			name = Debug;
		};
		A99F588B1A8080180018A37D /* Release */ = {
			isa = XCBuildConfiguration;
			buildSettings = {
				ALWAYS_SEARCH_USER_PATHS = NO;
				CLANG_CXX_LANGUAGE_STANDARD = "gnu++0x";
				CLANG_CXX_LIBRARY = "libc++";
				CLANG_ENABLE_MODULES = YES;
				CLANG_ENABLE_OBJC_ARC = YES;
				CLANG_WARN_BOOL_CONVERSION = YES;
				CLANG_WARN_CONSTANT_CONVERSION = YES;
				CLANG_WARN_DIRECT_OBJC_ISA_USAGE = YES_ERROR;
				CLANG_WARN_EMPTY_BODY = YES;
				CLANG_WARN_ENUM_CONVERSION = YES;
				CLANG_WARN_INT_CONVERSION = YES;
				CLANG_WARN_OBJC_ROOT_CLASS = YES_ERROR;
				CLANG_WARN_UNREACHABLE_CODE = YES;
				CLANG_WARN__DUPLICATE_METHOD_MATCH = YES;
				"CODE_SIGN_IDENTITY[sdk=iphoneos*]" = "iPhone Developer";
				COPY_PHASE_STRIP = YES;
				ENABLE_NS_ASSERTIONS = NO;
				ENABLE_STRICT_OBJC_MSGSEND = YES;
				GCC_C_LANGUAGE_STANDARD = gnu99;
				GCC_WARN_64_TO_32_BIT_CONVERSION = YES;
				GCC_WARN_ABOUT_RETURN_TYPE = YES_ERROR;
				GCC_WARN_UNDECLARED_SELECTOR = YES;
				GCC_WARN_UNINITIALIZED_AUTOS = YES_AGGRESSIVE;
				GCC_WARN_UNUSED_FUNCTION = YES;
				GCC_WARN_UNUSED_VARIABLE = YES;
				IPHONEOS_DEPLOYMENT_TARGET = 8.1;
				MTL_ENABLE_DEBUG_INFO = NO;
				SDKROOT = iphoneos;
				TARGETED_DEVICE_FAMILY = "1,2";
				VALIDATE_PRODUCT = YES;
			};
			name = Release;
		};
		A99F588D1A8080180018A37D /* Debug */ = {
			isa = XCBuildConfiguration;
			buildSettings = {
				ASSETCATALOG_COMPILER_APPICON_NAME = AppIcon;
				INFOPLIST_FILE = Calculator/Info.plist;
				LD_RUNPATH_SEARCH_PATHS = "$(inherited) @executable_path/Frameworks";
				PRODUCT_NAME = "$(TARGET_NAME)";
			};
			name = Debug;
		};
		A99F588E1A8080180018A37D /* Release */ = {
			isa = XCBuildConfiguration;
			buildSettings = {
				ASSETCATALOG_COMPILER_APPICON_NAME = AppIcon;
				INFOPLIST_FILE = Calculator/Info.plist;
				LD_RUNPATH_SEARCH_PATHS = "$(inherited) @executable_path/Frameworks";
				PRODUCT_NAME = "$(TARGET_NAME)";
			};
			name = Release;
		};
		A99F58901A8080180018A37D /* Debug */ = {
			isa = XCBuildConfiguration;
			buildSettings = {
				BUNDLE_LOADER = "$(TEST_HOST)";
				FRAMEWORK_SEARCH_PATHS = (
					"$(SDKROOT)/Developer/Library/Frameworks",
					"$(inherited)",
				);
				GCC_PREPROCESSOR_DEFINITIONS = (
					"DEBUG=1",
					"$(inherited)",
				);
				INFOPLIST_FILE = CalculatorTests/Info.plist;
				LD_RUNPATH_SEARCH_PATHS = "$(inherited) @executable_path/Frameworks @loader_path/Frameworks";
				PRODUCT_NAME = "$(TARGET_NAME)";
				TEST_HOST = "$(BUILT_PRODUCTS_DIR)/Calculator.app/Calculator";
			};
			name = Debug;
		};
		A99F58911A8080180018A37D /* Release */ = {
			isa = XCBuildConfiguration;
			buildSettings = {
				BUNDLE_LOADER = "$(TEST_HOST)";
				FRAMEWORK_SEARCH_PATHS = (
					"$(SDKROOT)/Developer/Library/Frameworks",
					"$(inherited)",
				);
				INFOPLIST_FILE = CalculatorTests/Info.plist;
				LD_RUNPATH_SEARCH_PATHS = "$(inherited) @executable_path/Frameworks @loader_path/Frameworks";
				PRODUCT_NAME = "$(TARGET_NAME)";
				TEST_HOST = "$(BUILT_PRODUCTS_DIR)/Calculator.app/Calculator";
			};
			name = Release;
		};
/* End XCBuildConfiguration section */

/* Begin XCConfigurationList section */
		A99F58681A8080180018A37D /* Build configuration list for PBXProject "Calculator" */ = {
			isa = XCConfigurationList;
			buildConfigurations = (
				A99F588A1A8080180018A37D /* Debug */,
				A99F588B1A8080180018A37D /* Release */,
			);
			defaultConfigurationIsVisible = 0;
			defaultConfigurationName = Release;
		};
		A99F588C1A8080180018A37D /* Build configuration list for PBXNativeTarget "Calculator" */ = {
			isa = XCConfigurationList;
			buildConfigurations = (
				A99F588D1A8080180018A37D /* Debug */,
				A99F588E1A8080180018A37D /* Release */,
			);
			defaultConfigurationIsVisible = 0;
		};
		A99F588F1A8080180018A37D /* Build configuration list for PBXNativeTarget "CalculatorTests" */ = {
			isa = XCConfigurationList;
			buildConfigurations = (
				A99F58901A8080180018A37D /* Debug */,
				A99F58911A8080180018A37D /* Release */,
			);
			defaultConfigurationIsVisible = 0;
		};
/* End XCConfigurationList section */
	};
	rootObject = A99F58651A8080180018A37D /* Project object */;
}
